// !$*UTF8*$!
{
	archiveVersion = 1;
	classes = {
	};
	objectVersion = 50;
	objects = {

/* Begin PBXBuildFile section */
		1A3D41FC622C27F79958D449 /* Pods_FreeSlots.framework in Frameworks */ = {isa = PBXBuildFile; fileRef = 3BCAD3E081323F0784FDF2D1 /* Pods_FreeSlots.framework */; };
		7824AEEB2132C3500037320A /* AppDelegate.swift in Sources */ = {isa = PBXBuildFile; fileRef = 7824AEEA2132C3500037320A /* AppDelegate.swift */; };
		7824AEED2132C3500037320A /* LandingPage.swift in Sources */ = {isa = PBXBuildFile; fileRef = 7824AEEC2132C3500037320A /* LandingPage.swift */; };
		7824AEF02132C3500037320A /* Main.storyboard in Resources */ = {isa = PBXBuildFile; fileRef = 7824AEEE2132C3500037320A /* Main.storyboard */; };
		7824AEF22132C3520037320A /* Assets.xcassets in Resources */ = {isa = PBXBuildFile; fileRef = 7824AEF12132C3520037320A /* Assets.xcassets */; };
		7824AEF52132C3520037320A /* LaunchScreen.storyboard in Resources */ = {isa = PBXBuildFile; fileRef = 7824AEF32132C3520037320A /* LaunchScreen.storyboard */; };
/* End PBXBuildFile section */

/* Begin PBXFileReference section */
		326FD1205F56B7FC3281B1AF /* Pods-FreeSlots.release.xcconfig */ = {isa = PBXFileReference; includeInIndex = 1; lastKnownFileType = text.xcconfig; name = "Pods-FreeSlots.release.xcconfig"; path = "Pods/Target Support Files/Pods-FreeSlots/Pods-FreeSlots.release.xcconfig"; sourceTree = "<group>"; };
		3BCAD3E081323F0784FDF2D1 /* Pods_FreeSlots.framework */ = {isa = PBXFileReference; explicitFileType = wrapper.framework; includeInIndex = 0; path = Pods_FreeSlots.framework; sourceTree = BUILT_PRODUCTS_DIR; };
		7824AEE72132C3500037320A /* FreeSlots.app */ = {isa = PBXFileReference; explicitFileType = wrapper.application; includeInIndex = 0; path = FreeSlots.app; sourceTree = BUILT_PRODUCTS_DIR; };
		7824AEEA2132C3500037320A /* AppDelegate.swift */ = {isa = PBXFileReference; lastKnownFileType = sourcecode.swift; path = AppDelegate.swift; sourceTree = "<group>"; };
		7824AEEC2132C3500037320A /* LandingPage.swift */ = {isa = PBXFileReference; lastKnownFileType = sourcecode.swift; path = LandingPage.swift; sourceTree = "<group>"; };
		7824AEEF2132C3500037320A /* Base */ = {isa = PBXFileReference; lastKnownFileType = file.storyboard; name = Base; path = Base.lproj/Main.storyboard; sourceTree = "<group>"; };
		7824AEF12132C3520037320A /* Assets.xcassets */ = {isa = PBXFileReference; lastKnownFileType = folder.assetcatalog; path = Assets.xcassets; sourceTree = "<group>"; };
		7824AEF42132C3520037320A /* Base */ = {isa = PBXFileReference; lastKnownFileType = file.storyboard; name = Base; path = Base.lproj/LaunchScreen.storyboard; sourceTree = "<group>"; };
		7824AEF62132C3520037320A /* Info.plist */ = {isa = PBXFileReference; lastKnownFileType = text.plist.xml; path = Info.plist; sourceTree = "<group>"; };
		850F0FA14A4BE961977FD212 /* Pods-FreeSlots.debug.xcconfig */ = {isa = PBXFileReference; includeInIndex = 1; lastKnownFileType = text.xcconfig; name = "Pods-FreeSlots.debug.xcconfig"; path = "Pods/Target Support Files/Pods-FreeSlots/Pods-FreeSlots.debug.xcconfig"; sourceTree = "<group>"; };
/* End PBXFileReference section */

/* Begin PBXFrameworksBuildPhase section */
		7824AEE42132C3500037320A /* Frameworks */ = {
			isa = PBXFrameworksBuildPhase;
			buildActionMask = 2147483647;
			files = (
				1A3D41FC622C27F79958D449 /* Pods_FreeSlots.framework in Frameworks */,
			);
			runOnlyForDeploymentPostprocessing = 0;
		};
/* End PBXFrameworksBuildPhase section */

/* Begin PBXGroup section */
		40633B5521341F6900F8CE8A /* Controllers */ = {
			isa = PBXGroup;
			children = (
				7824AEEC2132C3500037320A /* LandingPage.swift */,
			);
			path = Controllers;
			sourceTree = "<group>";
		};
		40633B5621341F7900F8CE8A /* Views */ = {
			isa = PBXGroup;
			children = (
				7824AEEE2132C3500037320A /* Main.storyboard */,
				7824AEF32132C3520037320A /* LaunchScreen.storyboard */,
			);
			path = Views;
			sourceTree = "<group>";
		};
		40633B5721341F8400F8CE8A /* Services */ = {
			isa = PBXGroup;
			children = (
				7824AEEA2132C3500037320A /* AppDelegate.swift */,
			);
			path = Services;
			sourceTree = "<group>";
		};
		6CD11A4CE6AF5F32F3DE303A /* Frameworks */ = {
			isa = PBXGroup;
			children = (
				3BCAD3E081323F0784FDF2D1 /* Pods_FreeSlots.framework */,
			);
			name = Frameworks;
			sourceTree = "<group>";
		};
		7824AEDE2132C3500037320A = {
			isa = PBXGroup;
			children = (
				7824AEE92132C3500037320A /* FreeSlots */,
				7824AEE82132C3500037320A /* Products */,
				95F0612C805CE42CCFC0312B /* Pods */,
				6CD11A4CE6AF5F32F3DE303A /* Frameworks */,
			);
			sourceTree = "<group>";
		};
		7824AEE82132C3500037320A /* Products */ = {
			isa = PBXGroup;
			children = (
				7824AEE72132C3500037320A /* FreeSlots.app */,
			);
			name = Products;
			sourceTree = "<group>";
		};
		7824AEE92132C3500037320A /* FreeSlots */ = {
			isa = PBXGroup;
			children = (
				40633B5721341F8400F8CE8A /* Services */,
				40633B5521341F6900F8CE8A /* Controllers */,
				40633B5621341F7900F8CE8A /* Views */,
				7824AEF12132C3520037320A /* Assets.xcassets */,
				7824AEF62132C3520037320A /* Info.plist */,
			);
			path = FreeSlots;
			sourceTree = "<group>";
		};
		95F0612C805CE42CCFC0312B /* Pods */ = {
			isa = PBXGroup;
			children = (
				850F0FA14A4BE961977FD212 /* Pods-FreeSlots.debug.xcconfig */,
				326FD1205F56B7FC3281B1AF /* Pods-FreeSlots.release.xcconfig */,
			);
			name = Pods;
			sourceTree = "<group>";
		};
/* End PBXGroup section */

/* Begin PBXNativeTarget section */
		7824AEE62132C3500037320A /* FreeSlots */ = {
			isa = PBXNativeTarget;
			buildConfigurationList = 7824AEF92132C3520037320A /* Build configuration list for PBXNativeTarget "FreeSlots" */;
			buildPhases = (
				87C36D07D283CCED6FCC0453 /* [CP] Check Pods Manifest.lock */,
				7824AEE32132C3500037320A /* Sources */,
				7824AEE42132C3500037320A /* Frameworks */,
				7824AEE52132C3500037320A /* Resources */,
				75A631239F29C07BBC12F086 /* [CP] Embed Pods Frameworks */,
			);
			buildRules = (
			);
			dependencies = (
			);
			name = FreeSlots;
			productName = FreeSlots;
			productReference = 7824AEE72132C3500037320A /* FreeSlots.app */;
			productType = "com.apple.product-type.application";
		};
/* End PBXNativeTarget section */

/* Begin PBXProject section */
		7824AEDF2132C3500037320A /* Project object */ = {
			isa = PBXProject;
			attributes = {
				LastSwiftUpdateCheck = 1000;
				LastUpgradeCheck = 1000;
				ORGANIZATIONNAME = "Tushar Singh";
				TargetAttributes = {
					7824AEE62132C3500037320A = {
						CreatedOnToolsVersion = 10.0;
					};
				};
			};
			buildConfigurationList = 7824AEE22132C3500037320A /* Build configuration list for PBXProject "FreeSlots" */;
			compatibilityVersion = "Xcode 9.3";
			developmentRegion = en;
			hasScannedForEncodings = 0;
			knownRegions = (
				en,
				Base,
			);
			mainGroup = 7824AEDE2132C3500037320A;
			productRefGroup = 7824AEE82132C3500037320A /* Products */;
			projectDirPath = "";
			projectRoot = "";
			targets = (
				7824AEE62132C3500037320A /* FreeSlots */,
			);
		};
/* End PBXProject section */

/* Begin PBXResourcesBuildPhase section */
		7824AEE52132C3500037320A /* Resources */ = {
			isa = PBXResourcesBuildPhase;
			buildActionMask = 2147483647;
			files = (
				7824AEF52132C3520037320A /* LaunchScreen.storyboard in Resources */,
				7824AEF22132C3520037320A /* Assets.xcassets in Resources */,
				7824AEF02132C3500037320A /* Main.storyboard in Resources */,
			);
			runOnlyForDeploymentPostprocessing = 0;
		};
/* End PBXResourcesBuildPhase section */

/* Begin PBXShellScriptBuildPhase section */
		75A631239F29C07BBC12F086 /* [CP] Embed Pods Frameworks */ = {
			isa = PBXShellScriptBuildPhase;
			buildActionMask = 2147483647;
			files = (
			);
			inputPaths = (
				"${SRCROOT}/Pods/Target Support Files/Pods-FreeSlots/Pods-FreeSlots-frameworks.sh",
				"${BUILT_PRODUCTS_DIR}/Alamofire/Alamofire.framework",
				"${BUILT_PRODUCTS_DIR}/Realm/Realm.framework",
				"${BUILT_PRODUCTS_DIR}/SwiftyJSON/SwiftyJSON.framework",
			);
			name = "[CP] Embed Pods Frameworks";
			outputPaths = (
				"${TARGET_BUILD_DIR}/${FRAMEWORKS_FOLDER_PATH}/Alamofire.framework",
				"${TARGET_BUILD_DIR}/${FRAMEWORKS_FOLDER_PATH}/Realm.framework",
				"${TARGET_BUILD_DIR}/${FRAMEWORKS_FOLDER_PATH}/SwiftyJSON.framework",
			);
			runOnlyForDeploymentPostprocessing = 0;
			shellPath = /bin/sh;
			shellScript = "\"${SRCROOT}/Pods/Target Support Files/Pods-FreeSlots/Pods-FreeSlots-frameworks.sh\"\n";
			showEnvVarsInLog = 0;
		};
		87C36D07D283CCED6FCC0453 /* [CP] Check Pods Manifest.lock */ = {
			isa = PBXShellScriptBuildPhase;
			buildActionMask = 2147483647;
			files = (
			);
			inputPaths = (
				"${PODS_PODFILE_DIR_PATH}/Podfile.lock",
				"${PODS_ROOT}/Manifest.lock",
			);
			name = "[CP] Check Pods Manifest.lock";
			outputPaths = (
				"$(DERIVED_FILE_DIR)/Pods-FreeSlots-checkManifestLockResult.txt",
			);
			runOnlyForDeploymentPostprocessing = 0;
			shellPath = /bin/sh;
			shellScript = "diff \"${PODS_PODFILE_DIR_PATH}/Podfile.lock\" \"${PODS_ROOT}/Manifest.lock\" > /dev/null\nif [ $? != 0 ] ; then\n    # print error to STDERR\n    echo \"error: The sandbox is not in sync with the Podfile.lock. Run 'pod install' or update your CocoaPods installation.\" >&2\n    exit 1\nfi\n# This output is used by Xcode 'outputs' to avoid re-running this script phase.\necho \"SUCCESS\" > \"${SCRIPT_OUTPUT_FILE_0}\"\n";
			showEnvVarsInLog = 0;
		};
/* End PBXShellScriptBuildPhase section */

/* Begin PBXSourcesBuildPhase section */
		7824AEE32132C3500037320A /* Sources */ = {
			isa = PBXSourcesBuildPhase;
			buildActionMask = 2147483647;
			files = (
				7824AEED2132C3500037320A /* LandingPage.swift in Sources */,
				7824AEEB2132C3500037320A /* AppDelegate.swift in Sources */,
			);
			runOnlyForDeploymentPostprocessing = 0;
		};
/* End PBXSourcesBuildPhase section */

/* Begin PBXVariantGroup section */
		7824AEEE2132C3500037320A /* Main.storyboard */ = {
			isa = PBXVariantGroup;
			children = (
				7824AEEF2132C3500037320A /* Base */,
			);
			name = Main.storyboard;
			sourceTree = "<group>";
		};
		7824AEF32132C3520037320A /* LaunchScreen.storyboard */ = {
			isa = PBXVariantGroup;
			children = (
				7824AEF42132C3520037320A /* Base */,
			);
			name = LaunchScreen.storyboard;
			sourceTree = "<group>";
		};
/* End PBXVariantGroup section */

/* Begin XCBuildConfiguration section */
		7824AEF72132C3520037320A /* Debug */ = {
			isa = XCBuildConfiguration;
			buildSettings = {
				ALWAYS_SEARCH_USER_PATHS = NO;
				CLANG_ANALYZER_NONNULL = YES;
				CLANG_ANALYZER_NUMBER_OBJECT_CONVERSION = YES_AGGRESSIVE;
				CLANG_CXX_LANGUAGE_STANDARD = "gnu++14";
				CLANG_CXX_LIBRARY = "libc++";
				CLANG_ENABLE_MODULES = YES;
				CLANG_ENABLE_OBJC_ARC = YES;
				CLANG_ENABLE_OBJC_WEAK = YES;
				CLANG_WARN_BLOCK_CAPTURE_AUTORELEASING = YES;
				CLANG_WARN_BOOL_CONVERSION = YES;
				CLANG_WARN_COMMA = YES;
				CLANG_WARN_CONSTANT_CONVERSION = YES;
				CLANG_WARN_DEPRECATED_OBJC_IMPLEMENTATIONS = YES;
				CLANG_WARN_DIRECT_OBJC_ISA_USAGE = YES_ERROR;
				CLANG_WARN_DOCUMENTATION_COMMENTS = YES;
				CLANG_WARN_EMPTY_BODY = YES;
				CLANG_WARN_ENUM_CONVERSION = YES;
				CLANG_WARN_INFINITE_RECURSION = YES;
				CLANG_WARN_INT_CONVERSION = YES;
				CLANG_WARN_NON_LITERAL_NULL_CONVERSION = YES;
				CLANG_WARN_OBJC_IMPLICIT_RETAIN_SELF = YES;
				CLANG_WARN_OBJC_LITERAL_CONVERSION = YES;
				CLANG_WARN_OBJC_ROOT_CLASS = YES_ERROR;
				CLANG_WARN_RANGE_LOOP_ANALYSIS = YES;
				CLANG_WARN_STRICT_PROTOTYPES = YES;
				CLANG_WARN_SUSPICIOUS_MOVE = YES;
				CLANG_WARN_UNGUARDED_AVAILABILITY = YES_AGGRESSIVE;
				CLANG_WARN_UNREACHABLE_CODE = YES;
				CLANG_WARN__DUPLICATE_METHOD_MATCH = YES;
				CODE_SIGN_IDENTITY = "iPhone Developer";
				COPY_PHASE_STRIP = NO;
				DEBUG_INFORMATION_FORMAT = dwarf;
				ENABLE_STRICT_OBJC_MSGSEND = YES;
				ENABLE_TESTABILITY = YES;
				GCC_C_LANGUAGE_STANDARD = gnu11;
				GCC_DYNAMIC_NO_PIC = NO;
				GCC_NO_COMMON_BLOCKS = YES;
				GCC_OPTIMIZATION_LEVEL = 0;
				GCC_PREPROCESSOR_DEFINITIONS = (
					"DEBUG=1",
					"$(inherited)",
				);
				GCC_WARN_64_TO_32_BIT_CONVERSION = YES;
				GCC_WARN_ABOUT_RETURN_TYPE = YES_ERROR;
				GCC_WARN_UNDECLARED_SELECTOR = YES;
				GCC_WARN_UNINITIALIZED_AUTOS = YES_AGGRESSIVE;
				GCC_WARN_UNUSED_FUNCTION = YES;
				GCC_WARN_UNUSED_VARIABLE = YES;
				IPHONEOS_DEPLOYMENT_TARGET = 12.0;
				MTL_ENABLE_DEBUG_INFO = INCLUDE_SOURCE;
				MTL_FAST_MATH = YES;
				ONLY_ACTIVE_ARCH = YES;
				SDKROOT = iphoneos;
				SWIFT_ACTIVE_COMPILATION_CONDITIONS = DEBUG;
				SWIFT_OPTIMIZATION_LEVEL = "-Onone";
			};
			name = Debug;
		};
		7824AEF82132C3520037320A /* Release */ = {
			isa = XCBuildConfiguration;
			buildSettings = {
				ALWAYS_SEARCH_USER_PATHS = NO;
				CLANG_ANALYZER_NONNULL = YES;
				CLANG_ANALYZER_NUMBER_OBJECT_CONVERSION = YES_AGGRESSIVE;
				CLANG_CXX_LANGUAGE_STANDARD = "gnu++14";
				CLANG_CXX_LIBRARY = "libc++";
				CLANG_ENABLE_MODULES = YES;
				CLANG_ENABLE_OBJC_ARC = YES;
				CLANG_ENABLE_OBJC_WEAK = YES;
				CLANG_WARN_BLOCK_CAPTURE_AUTORELEASING = YES;
				CLANG_WARN_BOOL_CONVERSION = YES;
				CLANG_WARN_COMMA = YES;
				CLANG_WARN_CONSTANT_CONVERSION = YES;
				CLANG_WARN_DEPRECATED_OBJC_IMPLEMENTATIONS = YES;
				CLANG_WARN_DIRECT_OBJC_ISA_USAGE = YES_ERROR;
				CLANG_WARN_DOCUMENTATION_COMMENTS = YES;
				CLANG_WARN_EMPTY_BODY = YES;
				CLANG_WARN_ENUM_CONVERSION = YES;
				CLANG_WARN_INFINITE_RECURSION = YES;
				CLANG_WARN_INT_CONVERSION = YES;
				CLANG_WARN_NON_LITERAL_NULL_CONVERSION = YES;
				CLANG_WARN_OBJC_IMPLICIT_RETAIN_SELF = YES;
				CLANG_WARN_OBJC_LITERAL_CONVERSION = YES;
				CLANG_WARN_OBJC_ROOT_CLASS = YES_ERROR;
				CLANG_WARN_RANGE_LOOP_ANALYSIS = YES;
				CLANG_WARN_STRICT_PROTOTYPES = YES;
				CLANG_WARN_SUSPICIOUS_MOVE = YES;
				CLANG_WARN_UNGUARDED_AVAILABILITY = YES_AGGRESSIVE;
				CLANG_WARN_UNREACHABLE_CODE = YES;
				CLANG_WARN__DUPLICATE_METHOD_MATCH = YES;
				CODE_SIGN_IDENTITY = "iPhone Developer";
				COPY_PHASE_STRIP = NO;
				DEBUG_INFORMATION_FORMAT = "dwarf-with-dsym";
				ENABLE_NS_ASSERTIONS = NO;
				ENABLE_STRICT_OBJC_MSGSEND = YES;
				GCC_C_LANGUAGE_STANDARD = gnu11;
				GCC_NO_COMMON_BLOCKS = YES;
				GCC_WARN_64_TO_32_BIT_CONVERSION = YES;
				GCC_WARN_ABOUT_RETURN_TYPE = YES_ERROR;
				GCC_WARN_UNDECLARED_SELECTOR = YES;
				GCC_WARN_UNINITIALIZED_AUTOS = YES_AGGRESSIVE;
				GCC_WARN_UNUSED_FUNCTION = YES;
				GCC_WARN_UNUSED_VARIABLE = YES;
				IPHONEOS_DEPLOYMENT_TARGET = 12.0;
				MTL_ENABLE_DEBUG_INFO = NO;
				MTL_FAST_MATH = YES;
				SDKROOT = iphoneos;
				SWIFT_COMPILATION_MODE = wholemodule;
				SWIFT_OPTIMIZATION_LEVEL = "-O";
				VALIDATE_PRODUCT = YES;
			};
			name = Release;
		};
		7824AEFA2132C3520037320A /* Debug */ = {
			isa = XCBuildConfiguration;
			baseConfigurationReference = 850F0FA14A4BE961977FD212 /* Pods-FreeSlots.debug.xcconfig */;
			buildSettings = {
				ASSETCATALOG_COMPILER_APPICON_NAME = AppIcon;
				CODE_SIGN_STYLE = Automatic;
				DEVELOPMENT_TEAM = SDDB7WX63J;
				INFOPLIST_FILE = FreeSlots/Info.plist;
				LD_RUNPATH_SEARCH_PATHS = (
					"$(inherited)",
					"@executable_path/Frameworks",
				);
				PRODUCT_BUNDLE_IDENTIFIER = ACM.FreeSlots;
				PRODUCT_NAME = "$(TARGET_NAME)";
				SWIFT_VERSION = 4.0;
				TARGETED_DEVICE_FAMILY = "1,2";
			};
			name = Debug;
		};
		7824AEFB2132C3520037320A /* Release */ = {
			isa = XCBuildConfiguration;
			baseConfigurationReference = 326FD1205F56B7FC3281B1AF /* Pods-FreeSlots.release.xcconfig */;
			buildSettings = {
				ASSETCATALOG_COMPILER_APPICON_NAME = AppIcon;
				CODE_SIGN_STYLE = Automatic;
				DEVELOPMENT_TEAM = SDDB7WX63J;
				INFOPLIST_FILE = FreeSlots/Info.plist;
				LD_RUNPATH_SEARCH_PATHS = (
					"$(inherited)",
					"@executable_path/Frameworks",
				);
				PRODUCT_BUNDLE_IDENTIFIER = ACM.FreeSlots;
				PRODUCT_NAME = "$(TARGET_NAME)";
				SWIFT_VERSION = 4.0;
				TARGETED_DEVICE_FAMILY = "1,2";
			};
			name = Release;
		};
/* End XCBuildConfiguration section */

/* Begin XCConfigurationList section */
		7824AEE22132C3500037320A /* Build configuration list for PBXProject "FreeSlots" */ = {
			isa = XCConfigurationList;
			buildConfigurations = (
				7824AEF72132C3520037320A /* Debug */,
				7824AEF82132C3520037320A /* Release */,
			);
			defaultConfigurationIsVisible = 0;
			defaultConfigurationName = Release;
		};
		7824AEF92132C3520037320A /* Build configuration list for PBXNativeTarget "FreeSlots" */ = {
			isa = XCConfigurationList;
			buildConfigurations = (
				7824AEFA2132C3520037320A /* Debug */,
				7824AEFB2132C3520037320A /* Release */,
			);
			defaultConfigurationIsVisible = 0;
			defaultConfigurationName = Release;
		};
/* End XCConfigurationList section */
	};
	rootObject = 7824AEDF2132C3500037320A /* Project object */;
}
